
Microsoft Visual Studio Solution File, Format Version 12.00
# Visual Studio Version 17
VisualStudioVersion = 17.9.34728.123
MinimumVisualStudioVersion = 10.0.40219.1
Project("{9A19103F-16F7-4668-BE54-9A1E7A4F7556}") = "PatientManagement", "PatientManagement\PatientManagement.csproj", "{FC88C423-2DC7-46CD-B866-05835E113E24}"
EndProject
Project("{2150E333-8FDC-42A3-9474-1A3956D46DE8}") = "Solution Items", "Solution Items", "{75595C3D-A179-4E19-B384-FF429EFDA3B4}"
	ProjectSection(SolutionItems) = preProject
		README.md = README.md
	EndProjectSection
EndProject
Global
	GlobalSection(SolutionConfigurationPlatforms) = preSolution
		Debug|Any CPU = Debug|Any CPU
		Release|Any CPU = Release|Any CPU
	EndGlobalSection
	GlobalSection(ProjectConfigurationPlatforms) = postSolution
		{FC88C423-2DC7-46CD-B866-05835E113E24}.Debug|Any CPU.ActiveCfg = Debug|Any CPU
		{FC88C423-2DC7-46CD-B866-05835E113E24}.Debug|Any CPU.Build.0 = Debug|Any CPU
		{FC88C423-2DC7-46CD-B866-05835E113E24}.Release|Any CPU.ActiveCfg = Release|Any CPU
		{FC88C423-2DC7-46CD-B866-05835E113E24}.Release|Any CPU.Build.0 = Release|Any CPU
	EndGlobalSection
	GlobalSection(SolutionProperties) = preSolution
		HideSolutionNode = FALSE
	EndGlobalSection
	GlobalSection(ExtensibilityGlobals) = postSolution
		SolutionGuid = {AB61BBF5-ED5A-4F50-9D3C-AE21938826DB}
	EndGlobalSection
EndGlobal
